
Microsoft Visual Studio Solution File, Format Version 12.00
# Visual Studio Version 17
VisualStudioVersion = 17.6.33815.320
MinimumVisualStudioVersion = 10.0.40219.1
Project("{8BC9CEB8-8B4A-11D0-8D11-00A0C91BC942}") = "Multi_Threading", "Multi_Threading\Multi_Threading.vcxproj", "{728238A8-0759-4DAC-9A9D-227DAF34251F}"
EndProject
Project("{8BC9CEB8-8B4A-11D0-8D11-00A0C91BC942}") = "001_Multi_Threading", "001_Multi_Threading\001_Multi_Threading.vcxproj", "{D35DC93B-B7F0-494E-9E46-AEE3A65E65A9}"
EndProject
Project("{8BC9CEB8-8B4A-11D0-8D11-00A0C91BC942}") = "002_stream_with_parameters", "002_stream_with_parameters\002_stream_with_parameters.vcxproj", "{9E7A1661-0EE3-4EF0-95DA-FEE26684D46F}"
EndProject
Project("{8BC9CEB8-8B4A-11D0-8D11-00A0C91BC942}") = "003_result_po_reference", "003_result_po_reference\003_result_po_reference.vcxproj", "{0107B5FA-74A8-4672-9C95-B1054B5E2696}"
EndProject
Project("{8BC9CEB8-8B4A-11D0-8D11-00A0C91BC942}") = "004_lambda", "004_lambda\004_lambda.vcxproj", "{7F8E2899-FED4-4572-8A32-E41E148E4E31}"
EndProject
Project("{8BC9CEB8-8B4A-11D0-8D11-00A0C91BC942}") = "005_class_method_in_thread", "005_class_method_in_thread\005_class_method_in_thread.vcxproj", "{117CEE06-77E8-47D9-A022-DF83D0B7B77A}"
EndProject
Project("{8BC9CEB8-8B4A-11D0-8D11-00A0C91BC942}") = "006_mutex", "006_mutex\006_mutex.vcxproj", "{0C815D16-EC7F-4BFC-95D9-8AF8F65E4017}"
EndProject
Project("{8BC9CEB8-8B4A-11D0-8D11-00A0C91BC942}") = "007_lock_guard_mutex", "007_lock_guard_mutex\007_lock_guard_mutex.vcxproj", "{883B44E1-1862-4F39-8099-D2850A8C4685}"
EndProject
Project("{8BC9CEB8-8B4A-11D0-8D11-00A0C91BC942}") = "008_deadlock", "008_deadlock\008_deadlock.vcxproj", "{EF769A22-F811-465F-BDEC-2BF03E09D0A2}"
EndProject
Project("{8BC9CEB8-8B4A-11D0-8D11-00A0C91BC942}") = "009_recursive_mutex", "009_recursive_mutex\009_recursive_mutex.vcxproj", "{25FB5035-64F9-4DE4-ACC5-92727CE3729E}"
EndProject
Project("{8BC9CEB8-8B4A-11D0-8D11-00A0C91BC942}") = "010_unique_lock_mutex", "010_unique_lock_mutex\010_unique_lock_mutex.vcxproj", "{01787B3E-7B91-4A80-897B-DD68C397E061}"
EndProject
Global
	GlobalSection(SolutionConfigurationPlatforms) = preSolution
		Debug|x64 = Debug|x64
		Debug|x86 = Debug|x86
		Release|x64 = Release|x64
		Release|x86 = Release|x86
	EndGlobalSection
	GlobalSection(ProjectConfigurationPlatforms) = postSolution
		{728238A8-0759-4DAC-9A9D-227DAF34251F}.Debug|x64.ActiveCfg = Debug|x64
		{728238A8-0759-4DAC-9A9D-227DAF34251F}.Debug|x64.Build.0 = Debug|x64
		{728238A8-0759-4DAC-9A9D-227DAF34251F}.Debug|x86.ActiveCfg = Debug|Win32
		{728238A8-0759-4DAC-9A9D-227DAF34251F}.Debug|x86.Build.0 = Debug|Win32
		{728238A8-0759-4DAC-9A9D-227DAF34251F}.Release|x64.ActiveCfg = Release|x64
		{728238A8-0759-4DAC-9A9D-227DAF34251F}.Release|x64.Build.0 = Release|x64
		{728238A8-0759-4DAC-9A9D-227DAF34251F}.Release|x86.ActiveCfg = Release|Win32
		{728238A8-0759-4DAC-9A9D-227DAF34251F}.Release|x86.Build.0 = Release|Win32
		{D35DC93B-B7F0-494E-9E46-AEE3A65E65A9}.Debug|x64.ActiveCfg = Debug|x64
		{D35DC93B-B7F0-494E-9E46-AEE3A65E65A9}.Debug|x64.Build.0 = Debug|x64
		{D35DC93B-B7F0-494E-9E46-AEE3A65E65A9}.Debug|x86.ActiveCfg = Debug|Win32
		{D35DC93B-B7F0-494E-9E46-AEE3A65E65A9}.Debug|x86.Build.0 = Debug|Win32
		{D35DC93B-B7F0-494E-9E46-AEE3A65E65A9}.Release|x64.ActiveCfg = Release|x64
		{D35DC93B-B7F0-494E-9E46-AEE3A65E65A9}.Release|x64.Build.0 = Release|x64
		{D35DC93B-B7F0-494E-9E46-AEE3A65E65A9}.Release|x86.ActiveCfg = Release|Win32
		{D35DC93B-B7F0-494E-9E46-AEE3A65E65A9}.Release|x86.Build.0 = Release|Win32
		{9E7A1661-0EE3-4EF0-95DA-FEE26684D46F}.Debug|x64.ActiveCfg = Debug|x64
		{9E7A1661-0EE3-4EF0-95DA-FEE26684D46F}.Debug|x64.Build.0 = Debug|x64
		{9E7A1661-0EE3-4EF0-95DA-FEE26684D46F}.Debug|x86.ActiveCfg = Debug|Win32
		{9E7A1661-0EE3-4EF0-95DA-FEE26684D46F}.Debug|x86.Build.0 = Debug|Win32
		{9E7A1661-0EE3-4EF0-95DA-FEE26684D46F}.Release|x64.ActiveCfg = Release|x64
		{9E7A1661-0EE3-4EF0-95DA-FEE26684D46F}.Release|x64.Build.0 = Release|x64
		{9E7A1661-0EE3-4EF0-95DA-FEE26684D46F}.Release|x86.ActiveCfg = Release|Win32
		{9E7A1661-0EE3-4EF0-95DA-FEE26684D46F}.Release|x86.Build.0 = Release|Win32
		{0107B5FA-74A8-4672-9C95-B1054B5E2696}.Debug|x64.ActiveCfg = Debug|x64
		{0107B5FA-74A8-4672-9C95-B1054B5E2696}.Debug|x64.Build.0 = Debug|x64
		{0107B5FA-74A8-4672-9C95-B1054B5E2696}.Debug|x86.ActiveCfg = Debug|Win32
		{0107B5FA-74A8-4672-9C95-B1054B5E2696}.Debug|x86.Build.0 = Debug|Win32
		{0107B5FA-74A8-4672-9C95-B1054B5E2696}.Release|x64.ActiveCfg = Release|x64
		{0107B5FA-74A8-4672-9C95-B1054B5E2696}.Release|x64.Build.0 = Release|x64
		{0107B5FA-74A8-4672-9C95-B1054B5E2696}.Release|x86.ActiveCfg = Release|Win32
		{0107B5FA-74A8-4672-9C95-B1054B5E2696}.Release|x86.Build.0 = Release|Win32
		{7F8E2899-FED4-4572-8A32-E41E148E4E31}.Debug|x64.ActiveCfg = Debug|x64
		{7F8E2899-FED4-4572-8A32-E41E148E4E31}.Debug|x64.Build.0 = Debug|x64
		{7F8E2899-FED4-4572-8A32-E41E148E4E31}.Debug|x86.ActiveCfg = Debug|Win32
		{7F8E2899-FED4-4572-8A32-E41E148E4E31}.Debug|x86.Build.0 = Debug|Win32
		{7F8E2899-FED4-4572-8A32-E41E148E4E31}.Release|x64.ActiveCfg = Release|x64
		{7F8E2899-FED4-4572-8A32-E41E148E4E31}.Release|x64.Build.0 = Release|x64
		{7F8E2899-FED4-4572-8A32-E41E148E4E31}.Release|x86.ActiveCfg = Release|Win32
		{7F8E2899-FED4-4572-8A32-E41E148E4E31}.Release|x86.Build.0 = Release|Win32
		{117CEE06-77E8-47D9-A022-DF83D0B7B77A}.Debug|x64.ActiveCfg = Debug|x64
		{117CEE06-77E8-47D9-A022-DF83D0B7B77A}.Debug|x64.Build.0 = Debug|x64
		{117CEE06-77E8-47D9-A022-DF83D0B7B77A}.Debug|x86.ActiveCfg = Debug|Win32
		{117CEE06-77E8-47D9-A022-DF83D0B7B77A}.Debug|x86.Build.0 = Debug|Win32
		{117CEE06-77E8-47D9-A022-DF83D0B7B77A}.Release|x64.ActiveCfg = Release|x64
		{117CEE06-77E8-47D9-A022-DF83D0B7B77A}.Release|x64.Build.0 = Release|x64
		{117CEE06-77E8-47D9-A022-DF83D0B7B77A}.Release|x86.ActiveCfg = Release|Win32
		{117CEE06-77E8-47D9-A022-DF83D0B7B77A}.Release|x86.Build.0 = Release|Win32
		{0C815D16-EC7F-4BFC-95D9-8AF8F65E4017}.Debug|x64.ActiveCfg = Debug|x64
		{0C815D16-EC7F-4BFC-95D9-8AF8F65E4017}.Debug|x64.Build.0 = Debug|x64
		{0C815D16-EC7F-4BFC-95D9-8AF8F65E4017}.Debug|x86.ActiveCfg = Debug|Win32
		{0C815D16-EC7F-4BFC-95D9-8AF8F65E4017}.Debug|x86.Build.0 = Debug|Win32
		{0C815D16-EC7F-4BFC-95D9-8AF8F65E4017}.Release|x64.ActiveCfg = Release|x64
		{0C815D16-EC7F-4BFC-95D9-8AF8F65E4017}.Release|x64.Build.0 = Release|x64
		{0C815D16-EC7F-4BFC-95D9-8AF8F65E4017}.Release|x86.ActiveCfg = Release|Win32
		{0C815D16-EC7F-4BFC-95D9-8AF8F65E4017}.Release|x86.Build.0 = Release|Win32
		{883B44E1-1862-4F39-8099-D2850A8C4685}.Debug|x64.ActiveCfg = Debug|x64
		{883B44E1-1862-4F39-8099-D2850A8C4685}.Debug|x64.Build.0 = Debug|x64
		{883B44E1-1862-4F39-8099-D2850A8C4685}.Debug|x86.ActiveCfg = Debug|Win32
		{883B44E1-1862-4F39-8099-D2850A8C4685}.Debug|x86.Build.0 = Debug|Win32
		{883B44E1-1862-4F39-8099-D2850A8C4685}.Release|x64.ActiveCfg = Release|x64
		{883B44E1-1862-4F39-8099-D2850A8C4685}.Release|x64.Build.0 = Release|x64
		{883B44E1-1862-4F39-8099-D2850A8C4685}.Release|x86.ActiveCfg = Release|Win32
		{883B44E1-1862-4F39-8099-D2850A8C4685}.Release|x86.Build.0 = Release|Win32
		{EF769A22-F811-465F-BDEC-2BF03E09D0A2}.Debug|x64.ActiveCfg = Debug|x64
		{EF769A22-F811-465F-BDEC-2BF03E09D0A2}.Debug|x64.Build.0 = Debug|x64
		{EF769A22-F811-465F-BDEC-2BF03E09D0A2}.Debug|x86.ActiveCfg = Debug|Win32
		{EF769A22-F811-465F-BDEC-2BF03E09D0A2}.Debug|x86.Build.0 = Debug|Win32
		{EF769A22-F811-465F-BDEC-2BF03E09D0A2}.Release|x64.ActiveCfg = Release|x64
		{EF769A22-F811-465F-BDEC-2BF03E09D0A2}.Release|x64.Build.0 = Release|x64
		{EF769A22-F811-465F-BDEC-2BF03E09D0A2}.Release|x86.ActiveCfg = Release|Win32
		{EF769A22-F811-465F-BDEC-2BF03E09D0A2}.Release|x86.Build.0 = Release|Win32
		{25FB5035-64F9-4DE4-ACC5-92727CE3729E}.Debug|x64.ActiveCfg = Debug|x64
		{25FB5035-64F9-4DE4-ACC5-92727CE3729E}.Debug|x64.Build.0 = Debug|x64
		{25FB5035-64F9-4DE4-ACC5-92727CE3729E}.Debug|x86.ActiveCfg = Debug|Win32
		{25FB5035-64F9-4DE4-ACC5-92727CE3729E}.Debug|x86.Build.0 = Debug|Win32
		{25FB5035-64F9-4DE4-ACC5-92727CE3729E}.Release|x64.ActiveCfg = Release|x64
		{25FB5035-64F9-4DE4-ACC5-92727CE3729E}.Release|x64.Build.0 = Release|x64
		{25FB5035-64F9-4DE4-ACC5-92727CE3729E}.Release|x86.ActiveCfg = Release|Win32
		{25FB5035-64F9-4DE4-ACC5-92727CE3729E}.Release|x86.Build.0 = Release|Win32
		{01787B3E-7B91-4A80-897B-DD68C397E061}.Debug|x64.ActiveCfg = Debug|x64
		{01787B3E-7B91-4A80-897B-DD68C397E061}.Debug|x64.Build.0 = Debug|x64
		{01787B3E-7B91-4A80-897B-DD68C397E061}.Debug|x86.ActiveCfg = Debug|Win32
		{01787B3E-7B91-4A80-897B-DD68C397E061}.Debug|x86.Build.0 = Debug|Win32
		{01787B3E-7B91-4A80-897B-DD68C397E061}.Release|x64.ActiveCfg = Release|x64
		{01787B3E-7B91-4A80-897B-DD68C397E061}.Release|x64.Build.0 = Release|x64
		{01787B3E-7B91-4A80-897B-DD68C397E061}.Release|x86.ActiveCfg = Release|Win32
		{01787B3E-7B91-4A80-897B-DD68C397E061}.Release|x86.Build.0 = Release|Win32
	EndGlobalSection
	GlobalSection(SolutionProperties) = preSolution
		HideSolutionNode = FALSE
	EndGlobalSection
	GlobalSection(ExtensibilityGlobals) = postSolution
		SolutionGuid = {96C9494E-B537-40CE-B795-69AAA687F77C}
	EndGlobalSection
EndGlobal
